// !$*UTF8*$!
{
	archiveVersion = 1;
	classes = {
	};
	objectVersion = 55;
	objects = {

/* Begin PBXBuildFile section */
		9267F06C288D45E70037CD2B /* Character.swift in Sources */ = {isa = PBXBuildFile; fileRef = 9267F06B288D45E70037CD2B /* Character.swift */; };
		928BEF2F288D81930000F3C5 /* Episode.swift in Sources */ = {isa = PBXBuildFile; fileRef = 928BEF2E288D81930000F3C5 /* Episode.swift */; };
		928BEF31288D83BC0000F3C5 /* Quote.swift in Sources */ = {isa = PBXBuildFile; fileRef = 928BEF30288D83BC0000F3C5 /* Quote.swift */; };
		928BEF33288D8F780000F3C5 /* CharacterTableViewCell.swift in Sources */ = {isa = PBXBuildFile; fileRef = 928BEF32288D8F780000F3C5 /* CharacterTableViewCell.swift */; };
		928BEF36288D90490000F3C5 /* CharacterTableViewCellPresenter.swift in Sources */ = {isa = PBXBuildFile; fileRef = 928BEF35288D90490000F3C5 /* CharacterTableViewCellPresenter.swift */; };
		928BEF38288D90830000F3C5 /* StartViewControllerPresenter.swift in Sources */ = {isa = PBXBuildFile; fileRef = 928BEF37288D90830000F3C5 /* StartViewControllerPresenter.swift */; };
		928E41F8288BE6F100660418 /* AppDelegate.swift in Sources */ = {isa = PBXBuildFile; fileRef = 928E41F7288BE6F100660418 /* AppDelegate.swift */; };
		928E4201288BE6F500660418 /* Assets.xcassets in Resources */ = {isa = PBXBuildFile; fileRef = 928E4200288BE6F500660418 /* Assets.xcassets */; };
		928E4204288BE6F500660418 /* LaunchScreen.storyboard in Resources */ = {isa = PBXBuildFile; fileRef = 928E4202288BE6F500660418 /* LaunchScreen.storyboard */; };
		9292C4EC288FF7C500A71A71 /* CharacterViewController.swift in Sources */ = {isa = PBXBuildFile; fileRef = 9292C4EB288FF7C500A71A71 /* CharacterViewController.swift */; };
		9292C4EF2890105B00A71A71 /* CharacterViewControllerPresenter.swift in Sources */ = {isa = PBXBuildFile; fileRef = 9292C4EE2890105B00A71A71 /* CharacterViewControllerPresenter.swift */; };
		9292C4F1289161B900A71A71 /* RootCollectionViewController.swift in Sources */ = {isa = PBXBuildFile; fileRef = 9292C4F0289161B900A71A71 /* RootCollectionViewController.swift */; };
		9292C4F4289161FC00A71A71 /* RootCollectionVCPresenter.swift in Sources */ = {isa = PBXBuildFile; fileRef = 9292C4F3289161FC00A71A71 /* RootCollectionVCPresenter.swift */; };
		9292C4F628916B8A00A71A71 /* EpisodesTableVCPresenter.swift in Sources */ = {isa = PBXBuildFile; fileRef = 9292C4F528916B8A00A71A71 /* EpisodesTableVCPresenter.swift */; };
		9292C4F928916BCF00A71A71 /* EpisodesTableViewController.swift in Sources */ = {isa = PBXBuildFile; fileRef = 9292C4F828916BCF00A71A71 /* EpisodesTableViewController.swift */; };
		9292C4FB289170E100A71A71 /* EpisodeTableViewCell.swift in Sources */ = {isa = PBXBuildFile; fileRef = 9292C4FA289170E100A71A71 /* EpisodeTableViewCell.swift */; };
		9292C4FE2891714100A71A71 /* EpisodeTableViewCellPresenter.swift in Sources */ = {isa = PBXBuildFile; fileRef = 9292C4FD2891714100A71A71 /* EpisodeTableViewCellPresenter.swift */; };
		9292C5002892B3AA00A71A71 /* EpisodeInfoViewController.swift in Sources */ = {isa = PBXBuildFile; fileRef = 9292C4FF2892B3AA00A71A71 /* EpisodeInfoViewController.swift */; };
		92DBFB31288D041B00B5C0D0 /* StartTableViewController.swift in Sources */ = {isa = PBXBuildFile; fileRef = 92DBFB30288D041B00B5C0D0 /* StartTableViewController.swift */; };
		92DBFB37288D0FBF00B5C0D0 /* NetworkManager.swift in Sources */ = {isa = PBXBuildFile; fileRef = 92DBFB36288D0FBF00B5C0D0 /* NetworkManager.swift */; };
/* End PBXBuildFile section */

/* Begin PBXFileReference section */
		9267F06B288D45E70037CD2B /* Character.swift */ = {isa = PBXFileReference; lastKnownFileType = sourcecode.swift; path = Character.swift; sourceTree = "<group>"; };
		928BEF2E288D81930000F3C5 /* Episode.swift */ = {isa = PBXFileReference; lastKnownFileType = sourcecode.swift; path = Episode.swift; sourceTree = "<group>"; };
		928BEF30288D83BC0000F3C5 /* Quote.swift */ = {isa = PBXFileReference; lastKnownFileType = sourcecode.swift; path = Quote.swift; sourceTree = "<group>"; };
		928BEF32288D8F780000F3C5 /* CharacterTableViewCell.swift */ = {isa = PBXFileReference; lastKnownFileType = sourcecode.swift; path = CharacterTableViewCell.swift; sourceTree = "<group>"; };
		928BEF35288D90490000F3C5 /* CharacterTableViewCellPresenter.swift */ = {isa = PBXFileReference; lastKnownFileType = sourcecode.swift; path = CharacterTableViewCellPresenter.swift; sourceTree = "<group>"; };
		928BEF37288D90830000F3C5 /* StartViewControllerPresenter.swift */ = {isa = PBXFileReference; lastKnownFileType = sourcecode.swift; path = StartViewControllerPresenter.swift; sourceTree = "<group>"; };
		928E41F4288BE6F100660418 /* BreakingBadApp.app */ = {isa = PBXFileReference; explicitFileType = wrapper.application; includeInIndex = 0; path = BreakingBadApp.app; sourceTree = BUILT_PRODUCTS_DIR; };
		928E41F7288BE6F100660418 /* AppDelegate.swift */ = {isa = PBXFileReference; lastKnownFileType = sourcecode.swift; path = AppDelegate.swift; sourceTree = "<group>"; };
		928E4200288BE6F500660418 /* Assets.xcassets */ = {isa = PBXFileReference; lastKnownFileType = folder.assetcatalog; path = Assets.xcassets; sourceTree = "<group>"; };
		928E4203288BE6F500660418 /* Base */ = {isa = PBXFileReference; lastKnownFileType = file.storyboard; name = Base; path = Base.lproj/LaunchScreen.storyboard; sourceTree = "<group>"; };
		928E4205288BE6F500660418 /* Info.plist */ = {isa = PBXFileReference; lastKnownFileType = text.plist.xml; path = Info.plist; sourceTree = "<group>"; };
		9292C4EB288FF7C500A71A71 /* CharacterViewController.swift */ = {isa = PBXFileReference; lastKnownFileType = sourcecode.swift; path = CharacterViewController.swift; sourceTree = "<group>"; };
		9292C4EE2890105B00A71A71 /* CharacterViewControllerPresenter.swift */ = {isa = PBXFileReference; lastKnownFileType = sourcecode.swift; path = CharacterViewControllerPresenter.swift; sourceTree = "<group>"; };
		9292C4F0289161B900A71A71 /* RootCollectionViewController.swift */ = {isa = PBXFileReference; lastKnownFileType = sourcecode.swift; path = RootCollectionViewController.swift; sourceTree = "<group>"; };
		9292C4F3289161FC00A71A71 /* RootCollectionVCPresenter.swift */ = {isa = PBXFileReference; lastKnownFileType = sourcecode.swift; path = RootCollectionVCPresenter.swift; sourceTree = "<group>"; };
		9292C4F528916B8A00A71A71 /* EpisodesTableVCPresenter.swift */ = {isa = PBXFileReference; lastKnownFileType = sourcecode.swift; path = EpisodesTableVCPresenter.swift; sourceTree = "<group>"; };
		9292C4F828916BCF00A71A71 /* EpisodesTableViewController.swift */ = {isa = PBXFileReference; lastKnownFileType = sourcecode.swift; path = EpisodesTableViewController.swift; sourceTree = "<group>"; };
		9292C4FA289170E100A71A71 /* EpisodeTableViewCell.swift */ = {isa = PBXFileReference; lastKnownFileType = sourcecode.swift; path = EpisodeTableViewCell.swift; sourceTree = "<group>"; };
		9292C4FD2891714100A71A71 /* EpisodeTableViewCellPresenter.swift */ = {isa = PBXFileReference; lastKnownFileType = sourcecode.swift; path = EpisodeTableViewCellPresenter.swift; sourceTree = "<group>"; };
		9292C4FF2892B3AA00A71A71 /* EpisodeInfoViewController.swift */ = {isa = PBXFileReference; lastKnownFileType = sourcecode.swift; path = EpisodeInfoViewController.swift; sourceTree = "<group>"; };
		92DBFB30288D041B00B5C0D0 /* StartTableViewController.swift */ = {isa = PBXFileReference; lastKnownFileType = sourcecode.swift; path = StartTableViewController.swift; sourceTree = "<group>"; };
		92DBFB36288D0FBF00B5C0D0 /* NetworkManager.swift */ = {isa = PBXFileReference; lastKnownFileType = sourcecode.swift; path = NetworkManager.swift; sourceTree = "<group>"; };
/* End PBXFileReference section */

/* Begin PBXFrameworksBuildPhase section */
		928E41F1288BE6F100660418 /* Frameworks */ = {
			isa = PBXFrameworksBuildPhase;
			buildActionMask = 2147483647;
			files = (
			);
			runOnlyForDeploymentPostprocessing = 0;
		};
/* End PBXFrameworksBuildPhase section */

/* Begin PBXGroup section */
		928BEF2D288D81480000F3C5 /* Models */ = {
			isa = PBXGroup;
			children = (
				9267F06B288D45E70037CD2B /* Character.swift */,
				928BEF2E288D81930000F3C5 /* Episode.swift */,
				928BEF30288D83BC0000F3C5 /* Quote.swift */,
			);
			path = Models;
			sourceTree = "<group>";
		};
		928BEF34288D8FA10000F3C5 /* CharacterTableViewCell */ = {
			isa = PBXGroup;
			children = (
				928BEF35288D90490000F3C5 /* CharacterTableViewCellPresenter.swift */,
				928BEF32288D8F780000F3C5 /* CharacterTableViewCell.swift */,
			);
			path = CharacterTableViewCell;
			sourceTree = "<group>";
		};
		928E41EB288BE6F100660418 = {
			isa = PBXGroup;
			children = (
				928E41F6288BE6F100660418 /* BreakingBadApp */,
				928E41F5288BE6F100660418 /* Products */,
			);
			sourceTree = "<group>";
		};
		928E41F5288BE6F100660418 /* Products */ = {
			isa = PBXGroup;
			children = (
				928E41F4288BE6F100660418 /* BreakingBadApp.app */,
			);
			name = Products;
			sourceTree = "<group>";
		};
		928E41F6288BE6F100660418 /* BreakingBadApp */ = {
			isa = PBXGroup;
			children = (
				928BEF2D288D81480000F3C5 /* Models */,
				9292C4F2289161BD00A71A71 /* RootView */,
				92DBFB33288D0F6900B5C0D0 /* StartView */,
				9292C4ED288FF7D500A71A71 /* CharacterInfoView */,
				9292C4F728916B9000A71A71 /* EpisodesTableView */,
				9292C5012892B3B600A71A71 /* EpisodeInfoView */,
				92DBFB34288D0F8A00B5C0D0 /* Sources */,
				92DBFB35288D0F9C00B5C0D0 /* Services */,
				92DBFB32288D0F5300B5C0D0 /* App */,
			);
			path = BreakingBadApp;
			sourceTree = "<group>";
		};
		9292C4ED288FF7D500A71A71 /* CharacterInfoView */ = {
			isa = PBXGroup;
			children = (
				9292C4EE2890105B00A71A71 /* CharacterViewControllerPresenter.swift */,
				9292C4EB288FF7C500A71A71 /* CharacterViewController.swift */,
			);
			path = CharacterInfoView;
			sourceTree = "<group>";
		};
		9292C4F2289161BD00A71A71 /* RootView */ = {
			isa = PBXGroup;
			children = (
				9292C4F0289161B900A71A71 /* RootCollectionViewController.swift */,
				9292C4F3289161FC00A71A71 /* RootCollectionVCPresenter.swift */,
			);
			path = RootView;
			sourceTree = "<group>";
		};
		9292C4F728916B9000A71A71 /* EpisodesTableView */ = {
			isa = PBXGroup;
			children = (
				9292C4F528916B8A00A71A71 /* EpisodesTableVCPresenter.swift */,
				9292C4F828916BCF00A71A71 /* EpisodesTableViewController.swift */,
				9292C4FC289170EC00A71A71 /* EpisodeTableViewCell */,
			);
			path = EpisodesTableView;
			sourceTree = "<group>";
		};
		9292C4FC289170EC00A71A71 /* EpisodeTableViewCell */ = {
			isa = PBXGroup;
			children = (
				9292C4FD2891714100A71A71 /* EpisodeTableViewCellPresenter.swift */,
				9292C4FA289170E100A71A71 /* EpisodeTableViewCell.swift */,
			);
			path = EpisodeTableViewCell;
			sourceTree = "<group>";
		};
		9292C5012892B3B600A71A71 /* EpisodeInfoView */ = {
			isa = PBXGroup;
			children = (
				9292C4FF2892B3AA00A71A71 /* EpisodeInfoViewController.swift */,
			);
			path = EpisodeInfoView;
			sourceTree = "<group>";
		};
		92DBFB32288D0F5300B5C0D0 /* App */ = {
			isa = PBXGroup;
			children = (
				928E4205288BE6F500660418 /* Info.plist */,
				928E4202288BE6F500660418 /* LaunchScreen.storyboard */,
				928E41F7288BE6F100660418 /* AppDelegate.swift */,
			);
			path = App;
			sourceTree = "<group>";
		};
		92DBFB33288D0F6900B5C0D0 /* StartView */ = {
			isa = PBXGroup;
			children = (
				928BEF37288D90830000F3C5 /* StartViewControllerPresenter.swift */,
				92DBFB30288D041B00B5C0D0 /* StartTableViewController.swift */,
				928BEF34288D8FA10000F3C5 /* CharacterTableViewCell */,
			);
			path = StartView;
			sourceTree = "<group>";
		};
		92DBFB34288D0F8A00B5C0D0 /* Sources */ = {
			isa = PBXGroup;
			children = (
				928E4200288BE6F500660418 /* Assets.xcassets */,
			);
			path = Sources;
			sourceTree = "<group>";
		};
		92DBFB35288D0F9C00B5C0D0 /* Services */ = {
			isa = PBXGroup;
			children = (
				92DBFB36288D0FBF00B5C0D0 /* NetworkManager.swift */,
			);
			path = Services;
			sourceTree = "<group>";
		};
/* End PBXGroup section */

/* Begin PBXNativeTarget section */
		928E41F3288BE6F100660418 /* BreakingBadApp */ = {
			isa = PBXNativeTarget;
			buildConfigurationList = 928E4208288BE6F500660418 /* Build configuration list for PBXNativeTarget "BreakingBadApp" */;
			buildPhases = (
				928E41F0288BE6F100660418 /* Sources */,
				928E41F1288BE6F100660418 /* Frameworks */,
				928E41F2288BE6F100660418 /* Resources */,
			);
			buildRules = (
			);
			dependencies = (
			);
			name = BreakingBadApp;
			productName = BreakingBadApp;
			productReference = 928E41F4288BE6F100660418 /* BreakingBadApp.app */;
			productType = "com.apple.product-type.application";
		};
/* End PBXNativeTarget section */

/* Begin PBXProject section */
		928E41EC288BE6F100660418 /* Project object */ = {
			isa = PBXProject;
			attributes = {
				BuildIndependentTargetsInParallel = 1;
				LastSwiftUpdateCheck = 1340;
				LastUpgradeCheck = 1340;
				TargetAttributes = {
					928E41F3288BE6F100660418 = {
						CreatedOnToolsVersion = 13.4.1;
					};
				};
			};
			buildConfigurationList = 928E41EF288BE6F100660418 /* Build configuration list for PBXProject "BreakingBadApp" */;
			compatibilityVersion = "Xcode 13.0";
			developmentRegion = en;
			hasScannedForEncodings = 0;
			knownRegions = (
				en,
				Base,
			);
			mainGroup = 928E41EB288BE6F100660418;
			productRefGroup = 928E41F5288BE6F100660418 /* Products */;
			projectDirPath = "";
			projectRoot = "";
			targets = (
				928E41F3288BE6F100660418 /* BreakingBadApp */,
			);
		};
/* End PBXProject section */

/* Begin PBXResourcesBuildPhase section */
		928E41F2288BE6F100660418 /* Resources */ = {
			isa = PBXResourcesBuildPhase;
			buildActionMask = 2147483647;
			files = (
				928E4204288BE6F500660418 /* LaunchScreen.storyboard in Resources */,
				928E4201288BE6F500660418 /* Assets.xcassets in Resources */,
			);
			runOnlyForDeploymentPostprocessing = 0;
		};
/* End PBXResourcesBuildPhase section */

/* Begin PBXSourcesBuildPhase section */
		928E41F0288BE6F100660418 /* Sources */ = {
			isa = PBXSourcesBuildPhase;
			buildActionMask = 2147483647;
			files = (
				9292C4F4289161FC00A71A71 /* RootCollectionVCPresenter.swift in Sources */,
				9292C4FB289170E100A71A71 /* EpisodeTableViewCell.swift in Sources */,
				9292C4F1289161B900A71A71 /* RootCollectionViewController.swift in Sources */,
				92DBFB37288D0FBF00B5C0D0 /* NetworkManager.swift in Sources */,
				928BEF33288D8F780000F3C5 /* CharacterTableViewCell.swift in Sources */,
				928E41F8288BE6F100660418 /* AppDelegate.swift in Sources */,
				92DBFB31288D041B00B5C0D0 /* StartTableViewController.swift in Sources */,
				928BEF38288D90830000F3C5 /* StartViewControllerPresenter.swift in Sources */,
				928BEF36288D90490000F3C5 /* CharacterTableViewCellPresenter.swift in Sources */,
				9292C4FE2891714100A71A71 /* EpisodeTableViewCellPresenter.swift in Sources */,
				9292C5002892B3AA00A71A71 /* EpisodeInfoViewController.swift in Sources */,
				9292C4EC288FF7C500A71A71 /* CharacterViewController.swift in Sources */,
				928BEF2F288D81930000F3C5 /* Episode.swift in Sources */,
				9292C4F628916B8A00A71A71 /* EpisodesTableVCPresenter.swift in Sources */,
				9292C4EF2890105B00A71A71 /* CharacterViewControllerPresenter.swift in Sources */,
				9292C4F928916BCF00A71A71 /* EpisodesTableViewController.swift in Sources */,
				928BEF31288D83BC0000F3C5 /* Quote.swift in Sources */,
				9267F06C288D45E70037CD2B /* Character.swift in Sources */,
			);
			runOnlyForDeploymentPostprocessing = 0;
		};
/* End PBXSourcesBuildPhase section */

/* Begin PBXVariantGroup section */
		928E4202288BE6F500660418 /* LaunchScreen.storyboard */ = {
			isa = PBXVariantGroup;
			children = (
				928E4203288BE6F500660418 /* Base */,
			);
			name = LaunchScreen.storyboard;
			sourceTree = "<group>";
		};
/* End PBXVariantGroup section */

/* Begin XCBuildConfiguration section */
		928E4206288BE6F500660418 /* Debug */ = {
			isa = XCBuildConfiguration;
			buildSettings = {
				ALWAYS_SEARCH_USER_PATHS = NO;
				CLANG_ANALYZER_NONNULL = YES;
				CLANG_ANALYZER_NUMBER_OBJECT_CONVERSION = YES_AGGRESSIVE;
				CLANG_CXX_LANGUAGE_STANDARD = "gnu++17";
				CLANG_ENABLE_MODULES = YES;
				CLANG_ENABLE_OBJC_ARC = YES;
				CLANG_ENABLE_OBJC_WEAK = YES;
				CLANG_WARN_BLOCK_CAPTURE_AUTORELEASING = YES;
				CLANG_WARN_BOOL_CONVERSION = YES;
				CLANG_WARN_COMMA = YES;
				CLANG_WARN_CONSTANT_CONVERSION = YES;
				CLANG_WARN_DEPRECATED_OBJC_IMPLEMENTATIONS = YES;
				CLANG_WARN_DIRECT_OBJC_ISA_USAGE = YES_ERROR;
				CLANG_WARN_DOCUMENTATION_COMMENTS = YES;
				CLANG_WARN_EMPTY_BODY = YES;
				CLANG_WARN_ENUM_CONVERSION = YES;
				CLANG_WARN_INFINITE_RECURSION = YES;
				CLANG_WARN_INT_CONVERSION = YES;
				CLANG_WARN_NON_LITERAL_NULL_CONVERSION = YES;
				CLANG_WARN_OBJC_IMPLICIT_RETAIN_SELF = YES;
				CLANG_WARN_OBJC_LITERAL_CONVERSION = YES;
				CLANG_WARN_OBJC_ROOT_CLASS = YES_ERROR;
				CLANG_WARN_QUOTED_INCLUDE_IN_FRAMEWORK_HEADER = YES;
				CLANG_WARN_RANGE_LOOP_ANALYSIS = YES;
				CLANG_WARN_STRICT_PROTOTYPES = YES;
				CLANG_WARN_SUSPICIOUS_MOVE = YES;
				CLANG_WARN_UNGUARDED_AVAILABILITY = YES_AGGRESSIVE;
				CLANG_WARN_UNREACHABLE_CODE = YES;
				CLANG_WARN__DUPLICATE_METHOD_MATCH = YES;
				COPY_PHASE_STRIP = NO;
				DEBUG_INFORMATION_FORMAT = dwarf;
				ENABLE_STRICT_OBJC_MSGSEND = YES;
				ENABLE_TESTABILITY = YES;
				GCC_C_LANGUAGE_STANDARD = gnu11;
				GCC_DYNAMIC_NO_PIC = NO;
				GCC_NO_COMMON_BLOCKS = YES;
				GCC_OPTIMIZATION_LEVEL = 0;
				GCC_PREPROCESSOR_DEFINITIONS = (
					"DEBUG=1",
					"$(inherited)",
				);
				GCC_WARN_64_TO_32_BIT_CONVERSION = YES;
				GCC_WARN_ABOUT_RETURN_TYPE = YES_ERROR;
				GCC_WARN_UNDECLARED_SELECTOR = YES;
				GCC_WARN_UNINITIALIZED_AUTOS = YES_AGGRESSIVE;
				GCC_WARN_UNUSED_FUNCTION = YES;
				GCC_WARN_UNUSED_VARIABLE = YES;
				IPHONEOS_DEPLOYMENT_TARGET = 15.5;
				MTL_ENABLE_DEBUG_INFO = INCLUDE_SOURCE;
				MTL_FAST_MATH = YES;
				ONLY_ACTIVE_ARCH = YES;
				SDKROOT = iphoneos;
				SWIFT_ACTIVE_COMPILATION_CONDITIONS = DEBUG;
				SWIFT_OPTIMIZATION_LEVEL = "-Onone";
			};
			name = Debug;
		};
		928E4207288BE6F500660418 /* Release */ = {
			isa = XCBuildConfiguration;
			buildSettings = {
				ALWAYS_SEARCH_USER_PATHS = NO;
				CLANG_ANALYZER_NONNULL = YES;
				CLANG_ANALYZER_NUMBER_OBJECT_CONVERSION = YES_AGGRESSIVE;
				CLANG_CXX_LANGUAGE_STANDARD = "gnu++17";
				CLANG_ENABLE_MODULES = YES;
				CLANG_ENABLE_OBJC_ARC = YES;
				CLANG_ENABLE_OBJC_WEAK = YES;
				CLANG_WARN_BLOCK_CAPTURE_AUTORELEASING = YES;
				CLANG_WARN_BOOL_CONVERSION = YES;
				CLANG_WARN_COMMA = YES;
				CLANG_WARN_CONSTANT_CONVERSION = YES;
				CLANG_WARN_DEPRECATED_OBJC_IMPLEMENTATIONS = YES;
				CLANG_WARN_DIRECT_OBJC_ISA_USAGE = YES_ERROR;
				CLANG_WARN_DOCUMENTATION_COMMENTS = YES;
				CLANG_WARN_EMPTY_BODY = YES;
				CLANG_WARN_ENUM_CONVERSION = YES;
				CLANG_WARN_INFINITE_RECURSION = YES;
				CLANG_WARN_INT_CONVERSION = YES;
				CLANG_WARN_NON_LITERAL_NULL_CONVERSION = YES;
				CLANG_WARN_OBJC_IMPLICIT_RETAIN_SELF = YES;
				CLANG_WARN_OBJC_LITERAL_CONVERSION = YES;
				CLANG_WARN_OBJC_ROOT_CLASS = YES_ERROR;
				CLANG_WARN_QUOTED_INCLUDE_IN_FRAMEWORK_HEADER = YES;
				CLANG_WARN_RANGE_LOOP_ANALYSIS = YES;
				CLANG_WARN_STRICT_PROTOTYPES = YES;
				CLANG_WARN_SUSPICIOUS_MOVE = YES;
				CLANG_WARN_UNGUARDED_AVAILABILITY = YES_AGGRESSIVE;
				CLANG_WARN_UNREACHABLE_CODE = YES;
				CLANG_WARN__DUPLICATE_METHOD_MATCH = YES;
				COPY_PHASE_STRIP = NO;
				DEBUG_INFORMATION_FORMAT = "dwarf-with-dsym";
				ENABLE_NS_ASSERTIONS = NO;
				ENABLE_STRICT_OBJC_MSGSEND = YES;
				GCC_C_LANGUAGE_STANDARD = gnu11;
				GCC_NO_COMMON_BLOCKS = YES;
				GCC_WARN_64_TO_32_BIT_CONVERSION = YES;
				GCC_WARN_ABOUT_RETURN_TYPE = YES_ERROR;
				GCC_WARN_UNDECLARED_SELECTOR = YES;
				GCC_WARN_UNINITIALIZED_AUTOS = YES_AGGRESSIVE;
				GCC_WARN_UNUSED_FUNCTION = YES;
				GCC_WARN_UNUSED_VARIABLE = YES;
				IPHONEOS_DEPLOYMENT_TARGET = 15.5;
				MTL_ENABLE_DEBUG_INFO = NO;
				MTL_FAST_MATH = YES;
				SDKROOT = iphoneos;
				SWIFT_COMPILATION_MODE = wholemodule;
				SWIFT_OPTIMIZATION_LEVEL = "-O";
				VALIDATE_PRODUCT = YES;
			};
			name = Release;
		};
		928E4209288BE6F500660418 /* Debug */ = {
			isa = XCBuildConfiguration;
			buildSettings = {
				ASSETCATALOG_COMPILER_APPICON_NAME = AppIcon;
				ASSETCATALOG_COMPILER_GLOBAL_ACCENT_COLOR_NAME = AccentColor;
				CODE_SIGN_STYLE = Automatic;
				CURRENT_PROJECT_VERSION = 1;
				DEVELOPMENT_TEAM = B9UD5PWR3N;
				GENERATE_INFOPLIST_FILE = YES;
				INFOPLIST_FILE = BreakingBadApp/App/Info.plist;
				INFOPLIST_KEY_UIApplicationSupportsIndirectInputEvents = YES;
				INFOPLIST_KEY_UILaunchStoryboardName = LaunchScreen;
				INFOPLIST_KEY_UISupportedInterfaceOrientations_iPad = "UIInterfaceOrientationPortrait UIInterfaceOrientationPortraitUpsideDown UIInterfaceOrientationLandscapeLeft UIInterfaceOrientationLandscapeRight";
				INFOPLIST_KEY_UISupportedInterfaceOrientations_iPhone = "UIInterfaceOrientationPortrait UIInterfaceOrientationLandscapeLeft UIInterfaceOrientationLandscapeRight";
				LD_RUNPATH_SEARCH_PATHS = (
					"$(inherited)",
					"@executable_path/Frameworks",
				);
				MARKETING_VERSION = 1.0;
				PRODUCT_BUNDLE_IDENTIFIER = ru.fsbisan.BreakingBadApp;
				PRODUCT_NAME = "$(TARGET_NAME)";
				SWIFT_EMIT_LOC_STRINGS = YES;
				SWIFT_VERSION = 5.0;
				TARGETED_DEVICE_FAMILY = 1;
			};
			name = Debug;
		};
		928E420A288BE6F500660418 /* Release */ = {
			isa = XCBuildConfiguration;
			buildSettings = {
				ASSETCATALOG_COMPILER_APPICON_NAME = AppIcon;
				ASSETCATALOG_COMPILER_GLOBAL_ACCENT_COLOR_NAME = AccentColor;
				CODE_SIGN_STYLE = Automatic;
				CURRENT_PROJECT_VERSION = 1;
				DEVELOPMENT_TEAM = B9UD5PWR3N;
				GENERATE_INFOPLIST_FILE = YES;
				INFOPLIST_FILE = BreakingBadApp/App/Info.plist;
				INFOPLIST_KEY_UIApplicationSupportsIndirectInputEvents = YES;
				INFOPLIST_KEY_UILaunchStoryboardName = LaunchScreen;
				INFOPLIST_KEY_UISupportedInterfaceOrientations_iPad = "UIInterfaceOrientationPortrait UIInterfaceOrientationPortraitUpsideDown UIInterfaceOrientationLandscapeLeft UIInterfaceOrientationLandscapeRight";
				INFOPLIST_KEY_UISupportedInterfaceOrientations_iPhone = "UIInterfaceOrientationPortrait UIInterfaceOrientationLandscapeLeft UIInterfaceOrientationLandscapeRight";
				LD_RUNPATH_SEARCH_PATHS = (
					"$(inherited)",
					"@executable_path/Frameworks",
				);
				MARKETING_VERSION = 1.0;
				PRODUCT_BUNDLE_IDENTIFIER = ru.fsbisan.BreakingBadApp;
				PRODUCT_NAME = "$(TARGET_NAME)";
				SWIFT_EMIT_LOC_STRINGS = YES;
				SWIFT_VERSION = 5.0;
				TARGETED_DEVICE_FAMILY = 1;
			};
			name = Release;
		};
/* End XCBuildConfiguration section */

/* Begin XCConfigurationList section */
		928E41EF288BE6F100660418 /* Build configuration list for PBXProject "BreakingBadApp" */ = {
			isa = XCConfigurationList;
			buildConfigurations = (
				928E4206288BE6F500660418 /* Debug */,
				928E4207288BE6F500660418 /* Release */,
			);
			defaultConfigurationIsVisible = 0;
			defaultConfigurationName = Release;
		};
		928E4208288BE6F500660418 /* Build configuration list for PBXNativeTarget "BreakingBadApp" */ = {
			isa = XCConfigurationList;
			buildConfigurations = (
				928E4209288BE6F500660418 /* Debug */,
				928E420A288BE6F500660418 /* Release */,
			);
			defaultConfigurationIsVisible = 0;
			defaultConfigurationName = Release;
		};
/* End XCConfigurationList section */
	};
	rootObject = 928E41EC288BE6F100660418 /* Project object */;
}
